
Microsoft Visual Studio Solution File, Format Version 12.00
# Visual Studio 15
VisualStudioVersion = 15.0.28010.2046
MinimumVisualStudioVersion = 10.0.40219.1
Project("{FAE04EC0-301F-11D3-BF4B-00C04F79EFBC}") = "taximain", "taximain\taximain.csproj", "{A3445BC2-48DF-46EC-AAFD-2F685C7822CC}"
EndProject
Global
	GlobalSection(SolutionConfigurationPlatforms) = preSolution
		Debug|Any CPU = Debug|Any CPU
		Release|Any CPU = Release|Any CPU
	EndGlobalSection
	GlobalSection(ProjectConfigurationPlatforms) = postSolution
		{A3445BC2-48DF-46EC-AAFD-2F685C7822CC}.Debug|Any CPU.ActiveCfg = Debug|Any CPU
		{A3445BC2-48DF-46EC-AAFD-2F685C7822CC}.Debug|Any CPU.Build.0 = Debug|Any CPU
		{A3445BC2-48DF-46EC-AAFD-2F685C7822CC}.Release|Any CPU.ActiveCfg = Release|Any CPU
		{A3445BC2-48DF-46EC-AAFD-2F685C7822CC}.Release|Any CPU.Build.0 = Release|Any CPU
	EndGlobalSection
	GlobalSection(SolutionProperties) = preSolution
		HideSolutionNode = FALSE
	EndGlobalSection
	GlobalSection(ExtensibilityGlobals) = postSolution
		SolutionGuid = {217AEC43-4D62-46A4-B82A-2E650577F947}
	EndGlobalSection
EndGlobal
